
Microsoft Visual Studio Solution File, Format Version 12.00
# Visual Studio Version 17
VisualStudioVersion = 17.4.33110.190
MinimumVisualStudioVersion = 10.0.40219.1
Project("{8BC9CEB8-8B4A-11D0-8D11-00A0C91BC942}") = "лаба5вар7", "лаба5вар7\лаба5вар7.vcxproj", "{131F05A0-5C36-4F9A-9AF0-9B601E64A9AC}"
EndProject
Global
	GlobalSection(SolutionConfigurationPlatforms) = preSolution
		Debug|x64 = Debug|x64
		Debug|x86 = Debug|x86
		Release|x64 = Release|x64
		Release|x86 = Release|x86
	EndGlobalSection
	GlobalSection(ProjectConfigurationPlatforms) = postSolution
		{131F05A0-5C36-4F9A-9AF0-9B601E64A9AC}.Debug|x64.ActiveCfg = Debug|x64
		{131F05A0-5C36-4F9A-9AF0-9B601E64A9AC}.Debug|x64.Build.0 = Debug|x64
		{131F05A0-5C36-4F9A-9AF0-9B601E64A9AC}.Debug|x86.ActiveCfg = Debug|Win32
		{131F05A0-5C36-4F9A-9AF0-9B601E64A9AC}.Debug|x86.Build.0 = Debug|Win32
		{131F05A0-5C36-4F9A-9AF0-9B601E64A9AC}.Release|x64.ActiveCfg = Release|x64
		{131F05A0-5C36-4F9A-9AF0-9B601E64A9AC}.Release|x64.Build.0 = Release|x64
		{131F05A0-5C36-4F9A-9AF0-9B601E64A9AC}.Release|x86.ActiveCfg = Release|Win32
		{131F05A0-5C36-4F9A-9AF0-9B601E64A9AC}.Release|x86.Build.0 = Release|Win32
	EndGlobalSection
	GlobalSection(SolutionProperties) = preSolution
		HideSolutionNode = FALSE
	EndGlobalSection
	GlobalSection(ExtensibilityGlobals) = postSolution
		SolutionGuid = {E116B8CB-BDD2-4955-A1A7-5B6C5B4D5FDB}
	EndGlobalSection
EndGlobal
