
Microsoft Visual Studio Solution File, Format Version 12.00
# Visual Studio Version 17
VisualStudioVersion = 17.4.33122.133
MinimumVisualStudioVersion = 10.0.40219.1
Project("{8BC9CEB8-8B4A-11D0-8D11-00A0C91BC942}") = "лаба11однонапрВар7", "лаба11однонапрВар7\лаба11однонапрВар7.vcxproj", "{9FEA2B86-FE2C-4487-B1FA-9469A8E499C5}"
EndProject
Global
	GlobalSection(SolutionConfigurationPlatforms) = preSolution
		Debug|x64 = Debug|x64
		Debug|x86 = Debug|x86
		Release|x64 = Release|x64
		Release|x86 = Release|x86
	EndGlobalSection
	GlobalSection(ProjectConfigurationPlatforms) = postSolution
		{9FEA2B86-FE2C-4487-B1FA-9469A8E499C5}.Debug|x64.ActiveCfg = Debug|x64
		{9FEA2B86-FE2C-4487-B1FA-9469A8E499C5}.Debug|x64.Build.0 = Debug|x64
		{9FEA2B86-FE2C-4487-B1FA-9469A8E499C5}.Debug|x86.ActiveCfg = Debug|Win32
		{9FEA2B86-FE2C-4487-B1FA-9469A8E499C5}.Debug|x86.Build.0 = Debug|Win32
		{9FEA2B86-FE2C-4487-B1FA-9469A8E499C5}.Release|x64.ActiveCfg = Release|x64
		{9FEA2B86-FE2C-4487-B1FA-9469A8E499C5}.Release|x64.Build.0 = Release|x64
		{9FEA2B86-FE2C-4487-B1FA-9469A8E499C5}.Release|x86.ActiveCfg = Release|Win32
		{9FEA2B86-FE2C-4487-B1FA-9469A8E499C5}.Release|x86.Build.0 = Release|Win32
	EndGlobalSection
	GlobalSection(SolutionProperties) = preSolution
		HideSolutionNode = FALSE
	EndGlobalSection
	GlobalSection(ExtensibilityGlobals) = postSolution
		SolutionGuid = {7BB7BFE8-2A56-4B54-8478-BA74FAF09C7A}
	EndGlobalSection
EndGlobal
